
Microsoft Visual Studio Solution File, Format Version 12.00
# Visual Studio Version 17
VisualStudioVersion = 17.8.34330.188
MinimumVisualStudioVersion = 10.0.40219.1
Project("{9A19103F-16F7-4668-BE54-9A1E7A4F7556}") = "ExpressValidator.Extensions.DependencyInjection", "..\..\src\ExpressValidator.Extensions.DependencyInjection\ExpressValidator.Extensions.DependencyInjection.csproj", "{FF31B329-336C-47F0-BA60-55893A6FBCED}"
EndProject
Project("{9A19103F-16F7-4668-BE54-9A1E7A4F7556}") = "QuickStart", "QuickStart\QuickStart.csproj", "{6C698590-8D21-5D95-CEA6-33121ACA75F1}"
EndProject
Project("{FAE04EC0-301F-11D3-BF4B-00C04F79EFBC}") = "ValidatorBuilderWithOptions", "ValidatorBuilderWithOptions\ValidatorBuilderWithOptions.csproj", "{FC01EFE1-3E2D-48C7-9A5B-0F14E892F0C3}"
EndProject
Project("{FAE04EC0-301F-11D3-BF4B-00C04F79EFBC}") = "ConfiguratorDemo", "ConfiguratorDemo\ConfiguratorDemo.csproj", "{B7782C5A-65E8-4FB9-B0CF-4BC0657CB294}"
EndProject
Global
	GlobalSection(SolutionConfigurationPlatforms) = preSolution
		Debug|Any CPU = Debug|Any CPU
		Release|Any CPU = Release|Any CPU
	EndGlobalSection
	GlobalSection(ProjectConfigurationPlatforms) = postSolution
		{FF31B329-336C-47F0-BA60-55893A6FBCED}.Debug|Any CPU.ActiveCfg = Debug|Any CPU
		{FF31B329-336C-47F0-BA60-55893A6FBCED}.Debug|Any CPU.Build.0 = Debug|Any CPU
		{FF31B329-336C-47F0-BA60-55893A6FBCED}.Release|Any CPU.ActiveCfg = Release|Any CPU
		{FF31B329-336C-47F0-BA60-55893A6FBCED}.Release|Any CPU.Build.0 = Release|Any CPU
		{6C698590-8D21-5D95-CEA6-33121ACA75F1}.Debug|Any CPU.ActiveCfg = Debug|Any CPU
		{6C698590-8D21-5D95-CEA6-33121ACA75F1}.Debug|Any CPU.Build.0 = Debug|Any CPU
		{6C698590-8D21-5D95-CEA6-33121ACA75F1}.Release|Any CPU.ActiveCfg = Release|Any CPU
		{6C698590-8D21-5D95-CEA6-33121ACA75F1}.Release|Any CPU.Build.0 = Release|Any CPU
		{FC01EFE1-3E2D-48C7-9A5B-0F14E892F0C3}.Debug|Any CPU.ActiveCfg = Debug|Any CPU
		{FC01EFE1-3E2D-48C7-9A5B-0F14E892F0C3}.Debug|Any CPU.Build.0 = Debug|Any CPU
		{FC01EFE1-3E2D-48C7-9A5B-0F14E892F0C3}.Release|Any CPU.ActiveCfg = Release|Any CPU
		{FC01EFE1-3E2D-48C7-9A5B-0F14E892F0C3}.Release|Any CPU.Build.0 = Release|Any CPU
		{B7782C5A-65E8-4FB9-B0CF-4BC0657CB294}.Debug|Any CPU.ActiveCfg = Debug|Any CPU
		{B7782C5A-65E8-4FB9-B0CF-4BC0657CB294}.Debug|Any CPU.Build.0 = Debug|Any CPU
		{B7782C5A-65E8-4FB9-B0CF-4BC0657CB294}.Release|Any CPU.ActiveCfg = Release|Any CPU
		{B7782C5A-65E8-4FB9-B0CF-4BC0657CB294}.Release|Any CPU.Build.0 = Release|Any CPU
	EndGlobalSection
	GlobalSection(SolutionProperties) = preSolution
		HideSolutionNode = FALSE
	EndGlobalSection
	GlobalSection(ExtensibilityGlobals) = postSolution
		SolutionGuid = {BC4F7389-5E9C-4F04-BBFD-4F975B77FF0B}
	EndGlobalSection
EndGlobal
