
Microsoft Visual Studio Solution File, Format Version 12.00
# Visual Studio Version 17
VisualStudioVersion = 17.8.34330.188
MinimumVisualStudioVersion = 10.0.40219.1
Project("{9A19103F-16F7-4668-BE54-9A1E7A4F7556}") = "ExpressValidator.Extensions.DependencyInjection.Sample", "ExpressValidator.Extensions.DependencyInjection.Sample.csproj", "{C934656A-07B3-4909-9C4E-0DC71D2FD62F}"
EndProject
Project("{9A19103F-16F7-4668-BE54-9A1E7A4F7556}") = "ExpressValidator.Extensions.DependencyInjection", "..\..\src\ExpressValidator.Extensions.DependencyInjection\ExpressValidator.Extensions.DependencyInjection.csproj", "{FF31B329-336C-47F0-BA60-55893A6FBCED}"
EndProject
Global
	GlobalSection(SolutionConfigurationPlatforms) = preSolution
		Debug|Any CPU = Debug|Any CPU
		Release|Any CPU = Release|Any CPU
	EndGlobalSection
	GlobalSection(ProjectConfigurationPlatforms) = postSolution
		{C934656A-07B3-4909-9C4E-0DC71D2FD62F}.Debug|Any CPU.ActiveCfg = Debug|Any CPU
		{C934656A-07B3-4909-9C4E-0DC71D2FD62F}.Debug|Any CPU.Build.0 = Debug|Any CPU
		{C934656A-07B3-4909-9C4E-0DC71D2FD62F}.Release|Any CPU.ActiveCfg = Release|Any CPU
		{C934656A-07B3-4909-9C4E-0DC71D2FD62F}.Release|Any CPU.Build.0 = Release|Any CPU
		{FF31B329-336C-47F0-BA60-55893A6FBCED}.Debug|Any CPU.ActiveCfg = Debug|Any CPU
		{FF31B329-336C-47F0-BA60-55893A6FBCED}.Debug|Any CPU.Build.0 = Debug|Any CPU
		{FF31B329-336C-47F0-BA60-55893A6FBCED}.Release|Any CPU.ActiveCfg = Release|Any CPU
		{FF31B329-336C-47F0-BA60-55893A6FBCED}.Release|Any CPU.Build.0 = Release|Any CPU
	EndGlobalSection
	GlobalSection(SolutionProperties) = preSolution
		HideSolutionNode = FALSE
	EndGlobalSection
	GlobalSection(ExtensibilityGlobals) = postSolution
		SolutionGuid = {BC4F7389-5E9C-4F04-BBFD-4F975B77FF0B}
	EndGlobalSection
EndGlobal
